
Microsoft Visual Studio Solution File, Format Version 12.00
# Visual Studio Version 17
VisualStudioVersion = 17.11.35219.272
MinimumVisualStudioVersion = 10.0.40219.1
Project("{FAE04EC0-301F-11D3-BF4B-00C04F79EFBC}") = "HW3-Q2", "HW3-Q2\HW3-Q2.csproj", "{14C0D191-B516-4D28-B0CE-78434C47A865}"
EndProject
Global
	GlobalSection(SolutionConfigurationPlatforms) = preSolution
		Debug|Any CPU = Debug|Any CPU
		Release|Any CPU = Release|Any CPU
	EndGlobalSection
	GlobalSection(ProjectConfigurationPlatforms) = postSolution
		{14C0D191-B516-4D28-B0CE-78434C47A865}.Debug|Any CPU.ActiveCfg = Debug|Any CPU
		{14C0D191-B516-4D28-B0CE-78434C47A865}.Debug|Any CPU.Build.0 = Debug|Any CPU
		{14C0D191-B516-4D28-B0CE-78434C47A865}.Release|Any CPU.ActiveCfg = Release|Any CPU
		{14C0D191-B516-4D28-B0CE-78434C47A865}.Release|Any CPU.Build.0 = Release|Any CPU
	EndGlobalSection
	GlobalSection(SolutionProperties) = preSolution
		HideSolutionNode = FALSE
	EndGlobalSection
	GlobalSection(ExtensibilityGlobals) = postSolution
		SolutionGuid = {ABE3AB52-E57E-4296-A299-A098BC03C0B3}
	EndGlobalSection
EndGlobal
